
Microsoft Visual Studio Solution File, Format Version 12.00
# Visual Studio Version 16
VisualStudioVersion = 16.0.30011.22
MinimumVisualStudioVersion = 10.0.40219.1
Project("{FAE04EC0-301F-11D3-BF4B-00C04F79EFBC}") = "ExtensionsNet.StringExtensions", "ExtensionsNet.StringExtensions\ExtensionsNet.StringExtensions.csproj", "{D5A2B1A6-B3D9-45F3-91B0-B8AD11F4A698}"
EndProject
Global
	GlobalSection(SolutionConfigurationPlatforms) = preSolution
		Debug|Any CPU = Debug|Any CPU
		Release|Any CPU = Release|Any CPU
	EndGlobalSection
	GlobalSection(ProjectConfigurationPlatforms) = postSolution
		{D5A2B1A6-B3D9-45F3-91B0-B8AD11F4A698}.Debug|Any CPU.ActiveCfg = Debug|Any CPU
		{D5A2B1A6-B3D9-45F3-91B0-B8AD11F4A698}.Debug|Any CPU.Build.0 = Debug|Any CPU
		{D5A2B1A6-B3D9-45F3-91B0-B8AD11F4A698}.Release|Any CPU.ActiveCfg = Release|Any CPU
		{D5A2B1A6-B3D9-45F3-91B0-B8AD11F4A698}.Release|Any CPU.Build.0 = Release|Any CPU
	EndGlobalSection
	GlobalSection(SolutionProperties) = preSolution
		HideSolutionNode = FALSE
	EndGlobalSection
	GlobalSection(ExtensibilityGlobals) = postSolution
		SolutionGuid = {43CE24FF-CCB5-4655-95BC-4449542DFB23}
	EndGlobalSection
EndGlobal
